// !$*UTF8*$!
{
	archiveVersion = 1;
	classes = {
	};
	objectVersion = 46;
	objects = {

/* Begin PBXBuildFile section */
		C45CEEC91B6FFABA000FE22E /* main.cpp in Sources */ = {isa = PBXBuildFile; fileRef = C45CEEC81B6FFABA000FE22E /* main.cpp */; };
/* End PBXBuildFile section */

/* Begin PBXCopyFilesBuildPhase section */
		C45CEEC31B6FFABA000FE22E /* CopyFiles */ = {
			isa = PBXCopyFilesBuildPhase;
			buildActionMask = 2147483647;
			dstPath = /usr/share/man/man1/;
			dstSubfolderSpec = 0;
			files = (
			);
			runOnlyForDeploymentPostprocessing = 1;
		};
/* End PBXCopyFilesBuildPhase section */

/* Begin PBXFileReference section */
		C45CEEC51B6FFABA000FE22E /* Happy Number */ = {isa = PBXFileReference; explicitFileType = "compiled.mach-o.executable"; includeInIndex = 0; path = "Happy Number"; sourceTree = BUILT_PRODUCTS_DIR; };
		C45CEEC81B6FFABA000FE22E /* main.cpp */ = {isa = PBXFileReference; lastKnownFileType = sourcecode.cpp.cpp; path = main.cpp; sourceTree = "<group>"; };
/* End PBXFileReference section */

/* Begin PBXFrameworksBuildPhase section */
		C45CEEC21B6FFABA000FE22E /* Frameworks */ = {
			isa = PBXFrameworksBuildPhase;
			buildActionMask = 2147483647;
			files = (
			);
			runOnlyForDeploymentPostprocessing = 0;
		};
/* End PBXFrameworksBuildPhase section */

/* Begin PBXGroup section */
		C45CEEBC1B6FFABA000FE22E = {
			isa = PBXGroup;
			children = (
				C45CEEC71B6FFABA000FE22E /* Happy Number */,
				C45CEEC61B6FFABA000FE22E /* Products */,
			);
			sourceTree = "<group>";
		};
		C45CEEC61B6FFABA000FE22E /* Products */ = {
			isa = PBXGroup;
			children = (
				C45CEEC51B6FFABA000FE22E /* Happy Number */,
			);
			name = Products;
			sourceTree = "<group>";
		};
		C45CEEC71B6FFABA000FE22E /* Happy Number */ = {
			isa = PBXGroup;
			children = (
				C45CEEC81B6FFABA000FE22E /* main.cpp */,
			);
			path = "Happy Number";
			sourceTree = "<group>";
		};
/* End PBXGroup section */

/* Begin PBXNativeTarget section */
		C45CEEC41B6FFABA000FE22E /* Happy Number */ = {
			isa = PBXNativeTarget;
			buildConfigurationList = C45CEECC1B6FFABA000FE22E /* Build configuration list for PBXNativeTarget "Happy Number" */;
			buildPhases = (
				C45CEEC11B6FFABA000FE22E /* Sources */,
				C45CEEC21B6FFABA000FE22E /* Frameworks */,
				C45CEEC31B6FFABA000FE22E /* CopyFiles */,
			);
			buildRules = (
			);
			dependencies = (
			);
			name = "Happy Number";
			productName = "Happy Number";
			productReference = C45CEEC51B6FFABA000FE22E /* Happy Number */;
			productType = "com.apple.product-type.tool";
		};
/* End PBXNativeTarget section */

/* Begin PBXProject section */
		C45CEEBD1B6FFABA000FE22E /* Project object */ = {
			isa = PBXProject;
			attributes = {
				LastUpgradeCheck = 0640;
				ORGANIZATIONNAME = "Ethan Kho";
				TargetAttributes = {
					C45CEEC41B6FFABA000FE22E = {
						CreatedOnToolsVersion = 6.4;
					};
				};
			};
			buildConfigurationList = C45CEEC01B6FFABA000FE22E /* Build configuration list for PBXProject "Happy Number" */;
			compatibilityVersion = "Xcode 3.2";
			developmentRegion = English;
			hasScannedForEncodings = 0;
			knownRegions = (
				en,
			);
			mainGroup = C45CEEBC1B6FFABA000FE22E;
			productRefGroup = C45CEEC61B6FFABA000FE22E /* Products */;
			projectDirPath = "";
			projectRoot = "";
			targets = (
				C45CEEC41B6FFABA000FE22E /* Happy Number */,
			);
		};
/* End PBXProject section */

/* Begin PBXSourcesBuildPhase section */
		C45CEEC11B6FFABA000FE22E /* Sources */ = {
			isa = PBXSourcesBuildPhase;
			buildActionMask = 2147483647;
			files = (
				C45CEEC91B6FFABA000FE22E /* main.cpp in Sources */,
			);
			runOnlyForDeploymentPostprocessing = 0;
		};
/* End PBXSourcesBuildPhase section */

/* Begin XCBuildConfiguration section */
		C45CEECA1B6FFABA000FE22E /* Debug */ = {
			isa = XCBuildConfiguration;
			buildSettings = {
				ALWAYS_SEARCH_USER_PATHS = NO;
				CLANG_CXX_LANGUAGE_STANDARD = "gnu++0x";
				CLANG_CXX_LIBRARY = "libc++";
				CLANG_ENABLE_MODULES = YES;
				CLANG_ENABLE_OBJC_ARC = YES;
				CLANG_WARN_BOOL_CONVERSION = YES;
				CLANG_WARN_CONSTANT_CONVERSION = YES;
				CLANG_WARN_DIRECT_OBJC_ISA_USAGE = YES_ERROR;
				CLANG_WARN_EMPTY_BODY = YES;
				CLANG_WARN_ENUM_CONVERSION = YES;
				CLANG_WARN_INT_CONVERSION = YES;
				CLANG_WARN_OBJC_ROOT_CLASS = YES_ERROR;
				CLANG_WARN_UNREACHABLE_CODE = YES;
				CLANG_WARN__DUPLICATE_METHOD_MATCH = YES;
				COPY_PHASE_STRIP = NO;
				DEBUG_INFORMATION_FORMAT = dwarf;
				ENABLE_STRICT_OBJC_MSGSEND = YES;
				GCC_C_LANGUAGE_STANDARD = gnu99;
				GCC_DYNAMIC_NO_PIC = NO;
				GCC_NO_COMMON_BLOCKS = YES;
				GCC_OPTIMIZATION_LEVEL = 0;
				GCC_PREPROCESSOR_DEFINITIONS = (
					"DEBUG=1",
					"$(inherited)",
				);
				GCC_SYMBOLS_PRIVATE_EXTERN = NO;
				GCC_WARN_64_TO_32_BIT_CONVERSION = YES;
				GCC_WARN_ABOUT_RETURN_TYPE = YES_ERROR;
				GCC_WARN_UNDECLARED_SELECTOR = YES;
				GCC_WARN_UNINITIALIZED_AUTOS = YES_AGGRESSIVE;
				GCC_WARN_UNUSED_FUNCTION = YES;
				GCC_WARN_UNUSED_VARIABLE = YES;
				MACOSX_DEPLOYMENT_TARGET = 10.10;
				MTL_ENABLE_DEBUG_INFO = YES;
				ONLY_ACTIVE_ARCH = YES;
				SDKROOT = macosx;
			};
			name = Debug;
		};
		C45CEECB1B6FFABA000FE22E /* Release */ = {
			isa = XCBuildConfiguration;
			buildSettings = {
				ALWAYS_SEARCH_USER_PATHS = NO;
				CLANG_CXX_LANGUAGE_STANDARD = "gnu++0x";
				CLANG_CXX_LIBRARY = "libc++";
				CLANG_ENABLE_MODULES = YES;
				CLANG_ENABLE_OBJC_ARC = YES;
				CLANG_WARN_BOOL_CONVERSION = YES;
				CLANG_WARN_CONSTANT_CONVERSION = YES;
				CLANG_WARN_DIRECT_OBJC_ISA_USAGE = YES_ERROR;
				CLANG_WARN_EMPTY_BODY = YES;
				CLANG_WARN_ENUM_CONVERSION = YES;
				CLANG_WARN_INT_CONVERSION = YES;
				CLANG_WARN_OBJC_ROOT_CLASS = YES_ERROR;
				CLANG_WARN_UNREACHABLE_CODE = YES;
				CLANG_WARN__DUPLICATE_METHOD_MATCH = YES;
				COPY_PHASE_STRIP = NO;
				DEBUG_INFORMATION_FORMAT = "dwarf-with-dsym";
				ENABLE_NS_ASSERTIONS = NO;
				ENABLE_STRICT_OBJC_MSGSEND = YES;
				GCC_C_LANGUAGE_STANDARD = gnu99;
				GCC_NO_COMMON_BLOCKS = YES;
				GCC_WARN_64_TO_32_BIT_CONVERSION = YES;
				GCC_WARN_ABOUT_RETURN_TYPE = YES_ERROR;
				GCC_WARN_UNDECLARED_SELECTOR = YES;
				GCC_WARN_UNINITIALIZED_AUTOS = YES_AGGRESSIVE;
				GCC_WARN_UNUSED_FUNCTION = YES;
				GCC_WARN_UNUSED_VARIABLE = YES;
				MACOSX_DEPLOYMENT_TARGET = 10.10;
				MTL_ENABLE_DEBUG_INFO = NO;
				SDKROOT = macosx;
			};
			name = Release;
		};
		C45CEECD1B6FFABA000FE22E /* Debug */ = {
			isa = XCBuildConfiguration;
			buildSettings = {
				PRODUCT_NAME = "$(TARGET_NAME)";
			};
			name = Debug;
		};
		C45CEECE1B6FFABA000FE22E /* Release */ = {
			isa = XCBuildConfiguration;
			buildSettings = {
				PRODUCT_NAME = "$(TARGET_NAME)";
			};
			name = Release;
		};
/* End XCBuildConfiguration section */

/* Begin XCConfigurationList section */
		C45CEEC01B6FFABA000FE22E /* Build configuration list for PBXProject "Happy Number" */ = {
			isa = XCConfigurationList;
			buildConfigurations = (
				C45CEECA1B6FFABA000FE22E /* Debug */,
				C45CEECB1B6FFABA000FE22E /* Release */,
			);
			defaultConfigurationIsVisible = 0;
			defaultConfigurationName = Release;
		};
		C45CEECC1B6FFABA000FE22E /* Build configuration list for PBXNativeTarget "Happy Number" */ = {
			isa = XCConfigurationList;
			buildConfigurations = (
				C45CEECD1B6FFABA000FE22E /* Debug */,
				C45CEECE1B6FFABA000FE22E /* Release */,
			);
			defaultConfigurationIsVisible = 0;
		};
/* End XCConfigurationList section */
	};
	rootObject = C45CEEBD1B6FFABA000FE22E /* Project object */;
}
